version = 1
revision = 3
requires-python = ">=3.13"

[[package]]
name = "colorama"
version = "0.4.6"
source = { registry = "https://pypi.org/simple" }
sdist = { url = "https://files.pythonhosted.org/packages/d8/53/6f443c9a4a8358a93a6792e2acffb9d9d5cb0a5cfd8802644b7b1c9a02e4/colorama-0.4.6.tar.gz", hash = "sha256:08695f5cb7ed6e0531a20572697297273c47b8cae5a63ffc6d6ed5c201be6e44", size = 27697, upload-time = "2022-10-25T02:36:22.414Z" }
wheels = [
    { url = "https://files.pythonhosted.org/packages/d1/d6/3965ed04c63042e047cb6a3e6ed1a63a35087b6a609aa3a15ed8ac56c221/colorama-0.4.6-py2.py3-none-any.whl", hash = "sha256:4f1d9991f5acc0ca119f9d443620b77f9d6b33703e51011c16baf57afb285fc6", size = 25335, upload-time = "2022-10-25T02:36:20.889Z" },
]

[[package]]
name = "coverage"
version = "7.16.1"
source = { registry = "https://pypi.org/simple" }
sdist = { url = "https://files.pythonhosted.org/packages/65/2d/c738872f477f5687152acae68635790387425d407ae37dd3d3a8a6692307/coverage-7.16.1.tar.gz", hash = "sha256:f83981779bcf9dfa06fa0a8d4cb43e0faec1706328ce07aa3e7b665b4ac0f210", size = 969651, upload-time = "2026-09-13T19:12:21.422Z" }
wheels = [
    { url = "https://files.pythonhosted.org/packages/aa/74/c08c0c4dc9fa6bcd1d90728a63660aa1b17b488a806948598456c48f75d1/coverage-7.16.1-cp313-cp313-macosx_10_13_x86_64.whl", hash = "sha256:ee5465db6e9152a7d09f3215309326878c6aa3ac509195a369f9d264ff4bfbd9", size = 223501, upload-time = "2026-09-13T19:09:37.276Z" },
    { url = "https://files.pythonhosted.org/packages/5b/c8/784986d326663285258a8e39835c46fb730cc85284f0dbcd82078586dd22/coverage-7.16.1-cp313-cp313-macosx_11_0_arm64.whl", hash = "sha256:2b8256f8b525ba233d2e4cdcdce0d6673c66fc9bf70df1fd5e67c54a74e2d245", size = 223876, upload-time = "2026-09-13T19:09:39.385Z" },
    { url = "https://files.pythonhosted.org/packages/15/76/73fb792928872bbb07e553f920ff55c65ee962c469265feb5d1d4ae5f97a/coverage-7.16.1-cp313-cp313-manylinux1_i686.manylinux_2_28_i686.manylinux_2_5_i686.whl", hash = "sha256:d57cc400275b9a2892e905fc893f732b21ddb95271bf96406c88e2f6367848b5", size = 254863, upload-time = "2026-09-13T19:09:41.326Z" },
    { url = "https://files.pythonhosted.org/packages/ca/8d/1fd78899513244b065ccecdd1cfc6aa8b8f1bdee796d8c4f2aa8e8e5397d/coverage-7.16.1-cp313-cp313-manylinux1_x86_64.manylinux_2_28_x86_64.manylinux_2_5_x86_64.whl", hash = "sha256:6b3fd0f3435ebb7a7183b32a6062a8b755f08242ced1f3f22761d30b56b3c2a5", size = 257460, upload-time = "2026-09-13T19:09:43.086Z" },
    { url = "https://files.pythonhosted.org/packages/47/1c/b23ddfcb7ef9bd7b3fdb7be9a5dccf9925ae88e556df7aa5b655283c78f2/coverage-7.16.1-cp313-cp313-manylinux2014_aarch64.manylinux_2_17_aarch64.manylinux_2_28_aarch64.whl", hash = "sha256:e5eb1762e7eb5fad34ef913e8107c7788a66f19d328e598ce95bf7217f9e5c8f", size = 258697, upload-time = "2026-09-13T19:09:45.161Z" },
    { url = "https://files.pythonhosted.org/packages/1c/c9/19d0c6ca35778a7e9415c30c46a0c64c9d4374219d004a35563132296896/coverage-7.16.1-cp313-cp313-manylinux2014_ppc64le.manylinux_2_17_ppc64le.manylinux_2_28_ppc64le.whl", hash = "sha256:46cd3a73e9140410de62cceb66214bce0e08fb3922b9176fbfc1522fec151b41", size = 260827, upload-time = "2026-09-13T19:09:47.061Z" },
    { url = "https://files.pythonhosted.org/packages/97/fc/5862f7344382c62b85df43d483e579168cc062e007f54d895dfa51fe3e7d/coverage-7.16.1-cp313-cp313-manylinux_2_31_riscv64.manylinux_2_39_riscv64.whl", hash = "sha256:d1ba5142d68dd2cb775cbd0ac8601819298152047803c8efe4eec6d7d7aa7878", size = 255038, upload-time = "2026-09-13T19:09:48.945Z" },
    { url = "https://files.pythonhosted.org/packages/2e/9f/5c26583199a68df8d15124b4590520903f8eb7cef17db293fea712bb0783/coverage-7.16.1-cp313-cp313-musllinux_1_2_aarch64.whl", hash = "sha256:c389c6f9d1d518e1249ddcb8a7f158135644ce2c508fa6cc17b680777dad5bf2", size = 256827, upload-time = "2026-09-13T19:09:50.738Z" },
    { url = "https://files.pythonhosted.org/packages/95/13/605198bff079b107336710f28a797312ab132587168600d70a290e7ecd2e/coverage-7.16.1-cp313-cp313-musllinux_1_2_i686.whl", hash = "sha256:cdc57746c7ac0ea063351b4d651c3bb4dd4fd35e64dbb8e90c10e14eb03c4080", size = 254794, upload-time = "2026-09-13T19:09:52.577Z" },
    { url = "https://files.pythonhosted.org/packages/43/b7/0bbb32dc5ccdac766a13763fdfbffd7d73fc80349a69230c46c6b71e7508/coverage-7.16.1-cp313-cp313-musllinux_1_2_ppc64le.whl", hash = "sha256:5597180ed7670cc94c04c65347418a467d3a43d5f0cf52fcac647f5425f42037", size = 258947, upload-time = "2026-09-13T19:09:54.372Z" },
    { url = "https://files.pythonhosted.org/packages/13/bd/65c31ddd43ff4e61b63721b3dad17cca412dba6e2ce89f92abdf75734339/coverage-7.16.1-cp313-cp313-musllinux_1_2_riscv64.whl", hash = "sha256:a9647a0ac46255b8fef59a433a2161f03e5483f3a35e1cbd9dfe4600baff0c6b", size = 254613, upload-time = "2026-09-13T19:09:56.198Z" },
    { url = "https://files.pythonhosted.org/packages/25/20/d278115f2ba522b3e3128c6852be265f4e0df7202b2effca4db96cf0217d/coverage-7.16.1-cp313-cp313-musllinux_1_2_x86_64.whl", hash = "sha256:e306e98186b9cd109121f3583aeb7978797ad21d948f22944c5c08845cd554d0", size = 256388, upload-time = "2026-09-13T19:09:58.095Z" },
    { url = "https://files.pythonhosted.org/packages/e1/ca/d43aa396fb3a2f71c9411b99d926475f5acaf5c124f605c592865c80c8d5/coverage-7.16.1-cp313-cp313-win32.whl", hash = "sha256:48a78a66fcce49d7f6156524bf979c0ac633d584199717c68c6ffa949fc14e6a", size = 225550, upload-time = "2026-09-13T19:09:59.998Z" },
    { url = "https://files.pythonhosted.org/packages/0e/30/df2f6114f6a17cffe94721bd1d298f77f86aad493717fa5bc03cb291a1a6/coverage-7.16.1-cp313-cp313-win_amd64.whl", hash = "sha256:7af03247d598a353bbbbe1b925deb735276e4d845e7197c4073dc89352b236fa", size = 226091, upload-time = "2026-09-13T19:10:02.331Z" },
    { url = "https://files.pythonhosted.org/packages/ee/31/6f90d8aab72a112492bd50e3b5485b53b772b1f5fa70da0a620e723caae6/coverage-7.16.1-cp313-cp313-win_arm64.whl", hash = "sha256:166adae25b05b04c9a84135912066d9c97482115af38df1a419a38aacc6b6f5d", size = 225481, upload-time = "2026-09-13T19:10:04.151Z" },
    { url = "https://files.pythonhosted.org/packages/8e/b4/2a7c793965bae9f067aabab793a44d7a2f3ee7fb16b01ce1976bbd4a0218/coverage-7.16.1-cp314-cp314-macosx_10_15_x86_64.whl", hash = "sha256:cc0b37fe6f5ce5f1ccc62ad4fa9b1ad201d8e9b6027fd5e0170877beee4b2d15", size = 223546, upload-time = "2026-09-13T19:10:06.019Z" },
    { url = "https://files.pythonhosted.org/packages/ef/e2/633469076a2dbbea036cc15a268a3a5d6b2c7dd5d9a9567b2553dfc5ad61/coverage-7.16.1-cp314-cp314-macosx_11_0_arm64.whl", hash = "sha256:6618f481053b63fc6121faf8fc676bd9b7163c2a19d9e984a2e850002c28ab57", size = 223881, upload-time = "2026-09-13T19:10:08.246Z" },
    { url = "https://files.pythonhosted.org/packages/de/c3/f06150c13284569d53273b909f31222874276a595637b7852571dfeb2c18/coverage-7.16.1-cp314-cp314-manylinux1_i686.manylinux_2_28_i686.manylinux_2_5_i686.whl", hash = "sha256:fa02d561eb1d8d2f8ba43ba6e3cef4c6c402a3b632a9460fa329fcadcd5df6a3", size = 254919, upload-time = "2026-09-13T19:10:10.254Z" },
    { url = "https://files.pythonhosted.org/packages/d5/40/47e25b215ae18a29010c8e29be8782a6e04d18ba6224be2bf6cebfce6427/coverage-7.16.1-cp314-cp314-manylinux1_x86_64.manylinux_2_28_x86_64.manylinux_2_5_x86_64.whl", hash = "sha256:bc5354a124799f1f87b7637bbe6f18cd4bc66a1f37f6aa2b5db40f9adad531dc", size = 257428, upload-time = "2026-09-13T19:10:12.124Z" },
    { url = "https://files.pythonhosted.org/packages/27/4b/1e2a4267d14cbd12a8489364a9d40020233e6be836d929b363f0e77209e2/coverage-7.16.1-cp314-cp314-manylinux2014_aarch64.manylinux_2_17_aarch64.manylinux_2_28_aarch64.whl", hash = "sha256:34bafe9f4094315248573e6223e11af0ec1b25f9cbca43bf0e9a26a189ba2751", size = 258771, upload-time = "2026-09-13T19:10:14.031Z" },
    { url = "https://files.pythonhosted.org/packages/be/2e/9aa6146cea929fab9185bb2642ffef7f47520a6e5efe407f75f9b12f4cf0/coverage-7.16.1-cp314-cp314-manylinux2014_ppc64le.manylinux_2_17_ppc64le.manylinux_2_28_ppc64le.whl", hash = "sha256:29c4d3e32a3b5efa420a3dc627c7e570deb80ef997def52c7686a474f5edc7ab", size = 261086, upload-time = "2026-09-13T19:10:16.213Z" },
    { url = "https://files.pythonhosted.org/packages/13/3c/f9ad8bcd4fb3d21c9d20a16d6d6c6f999eee8f4498ed7659a3dbd2f4b74a/coverage-7.16.1-cp314-cp314-manylinux_2_31_riscv64.manylinux_2_39_riscv64.whl", hash = "sha256:f2066c447fdd0bca39a9633a082d8ce67bf9a539a203b85059a364a405dc9fe9", size = 254895, upload-time = "2026-09-13T19:10:18.602Z" },
    { url = "https://files.pythonhosted.org/packages/b7/d1/47eda9fd1eaeea39fa7b5b13a63b2bed92ab901841fb120b3f9f5e1dc30c/coverage-7.16.1-cp314-cp314-musllinux_1_2_aarch64.whl", hash = "sha256:fd8ac10cd2458b3c6343aac082fb9bd0e3fa806cb2c4975f2280153474b88412", size = 256783, upload-time = "2026-09-13T19:10:20.778Z" },
    { url = "https://files.pythonhosted.org/packages/38/c3/565edf044877cb8cd3373c56885347ffc38f0edfd1f1679a487b208c19a8/coverage-7.16.1-cp314-cp314-musllinux_1_2_i686.whl", hash = "sha256:9d8c54ec32e5c102b9241f75d88ae26538b53662868ca491736611db448d9c7a", size = 254742, upload-time = "2026-09-13T19:10:22.733Z" },
    { url = "https://files.pythonhosted.org/packages/fd/88/87d2b2aeaba719192b2089ff1c2cf89a06cf73a6d2e9f1f145626617700c/coverage-7.16.1-cp314-cp314-musllinux_1_2_ppc64le.whl", hash = "sha256:6dd8dda3402a01a1a8fe8b753a282466f615128574a5590a9108acd07b1f8540", size = 259016, upload-time = "2026-09-13T19:10:24.769Z" },
    { url = "https://files.pythonhosted.org/packages/fc/1b/70813185b125768abdcf7899fec4d37edc2e5fc9b60c7045c8f4271ec757/coverage-7.16.1-cp314-cp314-musllinux_1_2_riscv64.whl", hash = "sha256:79afa9726438912e5cddd1fe541815cea9763c92935f594835e4c432565b68a9", size = 254559, upload-time = "2026-09-13T19:10:26.781Z" },
    { url = "https://files.pythonhosted.org/packages/d8/fa/e7aa5af279aafda633a1ede8bfd7d6916b0c8b2082be86759e0b52e73a61/coverage-7.16.1-cp314-cp314-musllinux_1_2_x86_64.whl", hash = "sha256:3db3978211c3cead5437a80136ca0556bab8bc7828de15a762884b0598c41361", size = 256215, upload-time = "2026-09-13T19:10:28.714Z" },
    { url = "https://files.pythonhosted.org/packages/38/87/7a894fa4f8c6662d2b6a87a3436950e15b1fa56e01765c9d6634fb2cbeb8/coverage-7.16.1-cp314-cp314-win32.whl", hash = "sha256:49c39c7068a494f8eb427155f5682f44feee43f9b3107fd54b1e52465379c54b", size = 225719, upload-time = "2026-09-13T19:10:30.743Z" },
    { url = "https://files.pythonhosted.org/packages/8b/01/fa7193c8005fb85488f02b0e1cc3c05a233cf2640206dd978af447aeecbf/coverage-7.16.1-cp314-cp314-win_amd64.whl", hash = "sha256:c510dad19552d912058e4c3e3cbec3fb155dbe8d0ce0ceb7e7dbf5c5822bae0b", size = 226208, upload-time = "2026-09-13T19:10:32.698Z" },
    { url = "https://files.pythonhosted.org/packages/da/5c/a08634c714924c3eaef811bb3576c044128aa5e7dfa86c75e52f0761849e/coverage-7.16.1-cp314-cp314-win_arm64.whl", hash = "sha256:b7d4d7e6dcaf33e85f1919f03346403bdcc27437c420a78835f3805bca0ab71f", size = 225633, upload-time = "2026-09-13T19:10:34.79Z" },
    { url = "https://files.pythonhosted.org/packages/43/df/ddb8a4c664046b1a0ee29c9c2d25b993e5dbc8fbde715df3694a64532781/coverage-7.16.1-cp314-cp314t-macosx_10_15_x86_64.whl", hash = "sha256:3d0a3681c12d3e0bcdea3d9414b04087828d6c1a482802d6f7f42c37ed530152", size = 224281, upload-time = "2026-09-13T19:10:36.853Z" },
    { url = "https://files.pythonhosted.org/packages/e2/d0/9076e0c762d8afd91182e60a520fa5c92c4a334785eeb9fd6b8ef8fe7e3c/coverage-7.16.1-cp314-cp314t-macosx_11_0_arm64.whl", hash = "sha256:3f3b4469d3da3ecced775d1a8c9c5d9fc80f259e30b7b89f9fed0700d6035ecb", size = 224547, upload-time = "2026-09-13T19:10:39.359Z" },
    { url = "https://files.pythonhosted.org/packages/03/e5/9c59e64b6161704f35fe91549bb19b2bb355e95caf596c26a2065564807c/coverage-7.16.1-cp314-cp314t-manylinux1_i686.manylinux_2_28_i686.manylinux_2_5_i686.whl", hash = "sha256:c08ae35c1be2fe1ce4b4c628df5c6fc0dc9a87f8e5fe8e20238d249678984741", size = 265906, upload-time = "2026-09-13T19:10:41.434Z" },
    { url = "https://files.pythonhosted.org/packages/57/5a/13ccaffb77f766101bf6f38be9dba9e468b02cc92da4552a57877dbf1c1f/coverage-7.16.1-cp314-cp314t-manylinux1_x86_64.manylinux_2_28_x86_64.manylinux_2_5_x86_64.whl", hash = "sha256:8ee71a38c54bb2676bbe762b8b0943a79ccb1c2fd6a52054f66e63eda392f8c1", size = 268023, upload-time = "2026-09-13T19:10:43.533Z" },
    { url = "https://files.pythonhosted.org/packages/ad/a1/05cfcf01d3c7c922832698ad46e51d3441d820ce87a943014bb5cf5710dd/coverage-7.16.1-cp314-cp314t-manylinux2014_aarch64.manylinux_2_17_aarch64.manylinux_2_28_aarch64.whl", hash = "sha256:76491917771f179f9772efe218c5ccc65950dbdb35f4439298d8a8dfc6ec1f72", size = 270442, upload-time = "2026-09-13T19:10:45.895Z" },
    { url = "https://files.pythonhosted.org/packages/72/15/a2f1544b8e3835d7b769f7dabcc9ac0283e0b646ef3344703ff8f18d83e6/coverage-7.16.1-cp314-cp314t-manylinux2014_ppc64le.manylinux_2_17_ppc64le.manylinux_2_28_ppc64le.whl", hash = "sha256:f4aa0b0a6f81fa3deb211e643f6954e78b4376b62b9c218271236cfa757664e8", size = 271565, upload-time = "2026-09-13T19:10:48.123Z" },
    { url = "https://files.pythonhosted.org/packages/df/5b/963c2993a82bd313f298d663afe03e164b96ace4d9d4c7561740a559e13d/coverage-7.16.1-cp314-cp314t-manylinux_2_31_riscv64.manylinux_2_39_riscv64.whl", hash = "sha256:756ba2d96d073c5a2a55d67fa22784763710fadbe22c41adde2d9cfa4dd78a8c", size = 264959, upload-time = "2026-09-13T19:10:50.195Z" },
    { url = "https://files.pythonhosted.org/packages/12/59/5eba06d1943735d7cd61d46d8c8a20ffe8ddd2da06b3c94366078dadeb9b/coverage-7.16.1-cp314-cp314t-musllinux_1_2_aarch64.whl", hash = "sha256:99bf9ea435cefcefd220f8687c3ddbbf78dc2de0bd11b57c3ae9fbbdf8d5561a", size = 267897, upload-time = "2026-09-13T19:10:52.252Z" },
    { url = "https://files.pythonhosted.org/packages/bd/48/af6c30f6ea431bb9b83f9070d268a9cc4fc97490abd32080164177ea999f/coverage-7.16.1-cp314-cp314t-musllinux_1_2_i686.whl", hash = "sha256:35cbc81f937fc402971df45c897d2df2bfb2014efcd990360032aa0a651635da", size = 265504, upload-time = "2026-09-13T19:10:54.432Z" },
    { url = "https://files.pythonhosted.org/packages/80/f2/6e13852a8656d05fa83284567dd5a5b1e6d89bef79fe3effca2787159eab/coverage-7.16.1-cp314-cp314t-musllinux_1_2_ppc64le.whl", hash = "sha256:8fae08e85b334ac6ac886002b5041396a31bcf805225bbe19847627203da99e2", size = 269235, upload-time = "2026-09-13T19:10:56.563Z" },
    { url = "https://files.pythonhosted.org/packages/c2/32/b4fe465daa64ece674f83a750dfa4ba0fa3c5c74d6ef5dbb8dfce892cf0d/coverage-7.16.1-cp314-cp314t-musllinux_1_2_riscv64.whl", hash = "sha256:83362b64e215ef00b0ba33fcf13655ace6c9fdd144d5ad2ab59ac86c2daf166e", size = 264347, upload-time = "2026-09-13T19:10:58.634Z" },
    { url = "https://files.pythonhosted.org/packages/54/f3/88b5c0e4ca3994c6d5feb7b1bf4c9a62cee205553159184968426930a7b1/coverage-7.16.1-cp314-cp314t-musllinux_1_2_x86_64.whl", hash = "sha256:33300f2e140ccf26af3d8152e62bff71993f9310cfc63ba7a20940b0d246a0ae", size = 266660, upload-time = "2026-09-13T19:11:00.746Z" },
    { url = "https://files.pythonhosted.org/packages/97/72/6eff5456d7ba7f1c4678af531c33f9d957cae3201bd229b056fd13a204a3/coverage-7.16.1-cp314-cp314t-win32.whl", hash = "sha256:5539304fdbb2cc144df684d35a33b81145334d23e1c2367b5a923d25107f70b2", size = 226026, upload-time = "2026-09-13T19:11:02.846Z" },
    { url = "https://files.pythonhosted.org/packages/8e/c8/6e5ae3d8d4d0f2c0078985bf4db55fafd90e8107b1bf91ee3547a13f5694/coverage-7.16.1-cp314-cp314t-win_amd64.whl", hash = "sha256:715dcb72c3280c428c3a20134b87e42c29acec9669136e899ab2de69ca86218d", size = 226862, upload-time = "2026-09-13T19:11:04.921Z" },
    { url = "https://files.pythonhosted.org/packages/be/c7/68f9f0734afc904a92b974b489545b6a15700f3b1c4bd36eae764561e661/coverage-7.16.1-cp314-cp314t-win_arm64.whl", hash = "sha256:dac8b84c03e6029d272b8249c77018db83de59ca009a9adef7c144b4a62ee5e6", size = 226171, upload-time = "2026-09-13T19:11:06.969Z" },
    { url = "https://files.pythonhosted.org/packages/ae/16/e11addf5322d98e86307da9e00c94644b97cb72c534c74cda89705bebeef/coverage-7.16.1-cp315-cp315-macosx_10_15_x86_64.whl", hash = "sha256:a337dc2d54c74430cd2febb8ee04f7c508ba8b3b412bf0463f077a66cfc73743", size = 223544, upload-time = "2026-09-13T19:11:09.108Z" },
    { url = "https://files.pythonhosted.org/packages/92/d9/7ccd6484f615961d94b09c75904f87d86375109596069ae3a495a205dbbe/coverage-7.16.1-cp315-cp315-macosx_11_0_arm64.whl", hash = "sha256:3acd1d78397dead78dd1b011b5fc19cc823c190349acd549e63856dff649c80e", size = 223882, upload-time = "2026-09-13T19:11:11.132Z" },
    { url = "https://files.pythonhosted.org/packages/59/37/2fd78152a557df4a7e4ad78d6851ede90c211838d526e4916c6016f45144/coverage-7.16.1-cp315-cp315-manylinux1_i686.manylinux_2_28_i686.manylinux_2_5_i686.whl", hash = "sha256:73a32694603a34ad01d7e51a481a4023410d8099e1d0757e067945695c10f0ae", size = 254987, upload-time = "2026-09-13T19:11:13.735Z" },
    { url = "https://files.pythonhosted.org/packages/7a/4a/58e2f9b8b13cc422aa7f474a498945ec7f446ef473b5b6bae18d2981f2a9/coverage-7.16.1-cp315-cp315-manylinux1_x86_64.manylinux_2_28_x86_64.manylinux_2_5_x86_64.whl", hash = "sha256:fbbe8265736659a6be2e6042b6a35be13545d14b243cc1d7ecf65f90d788a370", size = 257902, upload-time = "2026-09-13T19:11:16.025Z" },
    { url = "https://files.pythonhosted.org/packages/3c/74/63f8f6a67c03b86455c726be273b2aa5b57fd1122f22350d141bbb142e91/coverage-7.16.1-cp315-cp315-manylinux2014_aarch64.manylinux_2_17_aarch64.manylinux_2_28_aarch64.whl", hash = "sha256:4b0359eb4c62f9993e176bc8f50450fc736a6b90dbcc05bb8584e948812699ae", size = 259522, upload-time = "2026-09-13T19:11:18.206Z" },
    { url = "https://files.pythonhosted.org/packages/e2/3b/1f2261da7483e345fe55de11e41ffc16a543511e37c0912134c0dccc4f6c/coverage-7.16.1-cp315-cp315-manylinux2014_ppc64le.manylinux_2_17_ppc64le.manylinux_2_28_ppc64le.whl", hash = "sha256:da506e669a8a851b59e122b4b219ea70996a6296f44f3a9348a852526ff961de", size = 261723, upload-time = "2026-09-13T19:11:20.628Z" },
    { url = "https://files.pythonhosted.org/packages/a7/8a/7eb1a361e044b7293f49c921a974b532627ed37f3bef5e7e9f58bcd0d5a2/coverage-7.16.1-cp315-cp315-manylinux_2_31_riscv64.manylinux_2_39_riscv64.whl", hash = "sha256:64a2a5985d81810ed605ff0dc4ccd6555efcb5700353825532a9a0aea65826e1", size = 255462, upload-time = "2026-09-13T19:11:22.733Z" },
    { url = "https://files.pythonhosted.org/packages/67/66/6d94f7ea87e99c519def5cfa5d4a1ab20247d6b403eb6e6b5b63d6aa5985/coverage-7.16.1-cp315-cp315-musllinux_1_2_aarch64.whl", hash = "sha256:66d70132b69b861805dc1ca46cdd733e54c416890e8f1371d2fd103f70b59c9c", size = 257617, upload-time = "2026-09-13T19:11:24.933Z" },
    { url = "https://files.pythonhosted.org/packages/3d/52/c3de0a3868589a1463a4f1cb0222eca0e5fa9f91da865ccf20d2e19ec19c/coverage-7.16.1-cp315-cp315-musllinux_1_2_i686.whl", hash = "sha256:db651a9cf325a542bc2b7b8cc8f1b2bdc6492739bae3103731b2f1c85b96cff6", size = 255495, upload-time = "2026-09-13T19:11:27.158Z" },
    { url = "https://files.pythonhosted.org/packages/9e/a3/ea10e75f20fc1e7be10b166a494826a965d19b1dc9c8a81c511a01153311/coverage-7.16.1-cp315-cp315-musllinux_1_2_ppc64le.whl", hash = "sha256:4184e78a4465dcda359fb403172b8951dd220929cb0984c02fabca1742fff06f", size = 259728, upload-time = "2026-09-13T19:11:29.33Z" },
    { url = "https://files.pythonhosted.org/packages/0e/96/9d8020d97de46f0390739beda196322586cdd87e1fc357223e6a28bc4135/coverage-7.16.1-cp315-cp315-musllinux_1_2_riscv64.whl", hash = "sha256:bc53c3f3adaa939b7a063533ffe0ae1259e7073393c618043a99a6970a87e3df", size = 254904, upload-time = "2026-09-13T19:11:31.86Z" },
    { url = "https://files.pythonhosted.org/packages/5b/21/2ff8867d4560f4f639a82d8fcf13c27eea88a96193daba096027c48bb929/coverage-7.16.1-cp315-cp315-musllinux_1_2_x86_64.whl", hash = "sha256:b44308854ef210b9b78df9cdfd4e159513382a859f5ef8464306d14a54c2a040", size = 256828, upload-time = "2026-09-13T19:11:34.078Z" },
    { url = "https://files.pythonhosted.org/packages/6a/4b/feacad51cb5163e3baa13281f8a3098f15d7934cc1f28cfe656557eb4e46/coverage-7.16.1-cp315-cp315-win32.whl", hash = "sha256:dccc142614d3419ed71857deb43f1d757829a4c7fce9994464b71e7e38309827", size = 225722, upload-time = "2026-09-13T19:11:36.314Z" },
    { url = "https://files.pythonhosted.org/packages/39/34/66bbc6ffd3c51fa67604c566920e772c5e3baa57f88dcf7b109c7f18b2cb/coverage-7.16.1-cp315-cp315-win_amd64.whl", hash = "sha256:961fc424e9d5229a99f8f1189942d8e7f4e1519147c3af64842f944aca03914d", size = 226195, upload-time = "2026-09-13T19:11:38.493Z" },
    { url = "https://files.pythonhosted.org/packages/f7/96/4bad920d4caed127c37c136a64b0730fa495517d2eb58809e0d81e6e7dff/coverage-7.16.1-cp315-cp315-win_arm64.whl", hash = "sha256:681a9488c5a234397c4f013da065aa9e53eb7af4c78f1f80c6f15e7208acb855", size = 225625, upload-time = "2026-09-13T19:11:40.664Z" },
    { url = "https://files.pythonhosted.org/packages/f5/2b/a88c7906eeb7da4394e932060d7008e153b3a2cd8d11782d82faa03bb7a3/coverage-7.16.1-cp315-cp315t-macosx_10_15_x86_64.whl", hash = "sha256:8bb09a2d19b04db1fa0e087a7ca4f12458f7e0e7364cfcd838441d86fb1c61f6", size = 224271, upload-time = "2026-09-13T19:11:42.876Z" },
    { url = "https://files.pythonhosted.org/packages/1f/1f/98db59c595680d16f553890deac6d72610e04f192c1964ec9b69cbe790ab/coverage-7.16.1-cp315-cp315t-macosx_11_0_arm64.whl", hash = "sha256:2270a794600b635ca9452ce4c32e2fe81a35f9caa17ffac0eba99f14f275bd4d", size = 224564, upload-time = "2026-09-13T19:11:45.071Z" },
    { url = "https://files.pythonhosted.org/packages/b5/e8/699e236d4cb97ec282b0655afc85acf12349e71a02fff0f1a7d0fb643079/coverage-7.16.1-cp315-cp315t-manylinux1_i686.manylinux_2_28_i686.manylinux_2_5_i686.whl", hash = "sha256:a4eff405b545dfcf79cf0d9d3ff750e5c5a887aa066114175193a81d249c5ee6", size = 265423, upload-time = "2026-09-13T19:11:47.666Z" },
    { url = "https://files.pythonhosted.org/packages/96/1b/6eaa21912863b3e3bf23cfe605fb62929bb1a41dc33d2bfa8e92000232bd/coverage-7.16.1-cp315-cp315t-manylinux1_x86_64.manylinux_2_28_x86_64.manylinux_2_5_x86_64.whl", hash = "sha256:ee1d5fc9e3bd6a217906929cc97880239a91d20dae7746f538eb0eefee705ab1", size = 268503, upload-time = "2026-09-13T19:11:50.12Z" },
    { url = "https://files.pythonhosted.org/packages/9f/ac/4eb46bffa98c28a80559a58c12f17e19308d52b31174af1bd49decf76606/coverage-7.16.1-cp315-cp315t-manylinux2014_aarch64.manylinux_2_17_aarch64.manylinux_2_28_aarch64.whl", hash = "sha256:d4ec944947de098ad5a1738413f9364689a57067ecbc328e9de37218aa1e5cc1", size = 271059, upload-time = "2026-09-13T19:11:52.363Z" },
    { url = "https://files.pythonhosted.org/packages/ed/d4/17a51ef1f6a084c9abbead522cfbee0fe9d29a593128781e724b7a0795b3/coverage-7.16.1-cp315-cp315t-manylinux2014_ppc64le.manylinux_2_17_ppc64le.manylinux_2_28_ppc64le.whl", hash = "sha256:3f73ee3956fde2d461c9e2955dd48166e4821fc8587d135e8780fb84da2a098b", size = 272039, upload-time = "2026-09-13T19:11:54.935Z" },
    { url = "https://files.pythonhosted.org/packages/4a/ff/9fdeba8b8aa0848030f45f869ddedc306795a8c6e53e901b8553afbf5415/coverage-7.16.1-cp315-cp315t-manylinux_2_31_riscv64.manylinux_2_39_riscv64.whl", hash = "sha256:1ec9a4ee989c0d06ad95add0dbfdbb72b00ef53f43431ca0b612384e7878e5de", size = 265869, upload-time = "2026-09-13T19:11:57.423Z" },
    { url = "https://files.pythonhosted.org/packages/95/eb/ab3eb506b2e4dd278440fbbbc7ed18424a86d8a981db0b90fdba66f5d34d/coverage-7.16.1-cp315-cp315t-musllinux_1_2_aarch64.whl", hash = "sha256:7e5727b2508f817f3126d6c33327dda32fe69d15514badfcd61db8bc4209ecef", size = 268883, upload-time = "2026-09-13T19:11:59.71Z" },
    { url = "https://files.pythonhosted.org/packages/d5/0c/f4edefdce33f01954a74237df5ee83ccef5dcd1165e04abf0adf47543fca/coverage-7.16.1-cp315-cp315t-musllinux_1_2_i686.whl", hash = "sha256:19a3ea2f364012ef06678118fffdc92442a16bef4a5c8ad4f4019dd8f9ac8876", size = 265359, upload-time = "2026-09-13T19:12:01.953Z" },
    { url = "https://files.pythonhosted.org/packages/df/86/ce5ed885fc7ce2adc9a5971134ace257d0f84f19c3d117da89c179b9662e/coverage-7.16.1-cp315-cp315t-musllinux_1_2_ppc64le.whl", hash = "sha256:996c2b891b441ec2b39725ee3e8386e2f11b4894b92be225fdfd54a3eeada2c8", size = 270056, upload-time = "2026-09-13T19:12:04.46Z" },
    { url = "https://files.pythonhosted.org/packages/48/a1/5dbd5f95070cece25c6df9e6ea4ded2a87dc695ce82a49bcb2116452b342/coverage-7.16.1-cp315-cp315t-musllinux_1_2_riscv64.whl", hash = "sha256:a125fac1f6b1e88488d208a86b578e1790e3c4937f2e1568d23356141d236220", size = 265498, upload-time = "2026-09-13T19:12:06.811Z" },
    { url = "https://files.pythonhosted.org/packages/8e/ff/254b26f3300f87c7c53ac97da41ae75f0e2ac066aa964bc073c0f3750b38/coverage-7.16.1-cp315-cp315t-musllinux_1_2_x86_64.whl", hash = "sha256:b10095528b866d322d33d6bf1709b7f8cbf959f12e8cb2ba22fc59c8717866b0", size = 267459, upload-time = "2026-09-13T19:12:09.479Z" },
    { url = "https://files.pythonhosted.org/packages/61/20/bf9958f8ddbbf6a2d39da3d4009f33e0fcf19c2d2fd99715c6494cdc8e8c/coverage-7.16.1-cp315-cp315t-win32.whl", hash = "sha256:531d9be377fdcc05593b974656872eb82e808ebeb42a72515e3aaeb8bb7166f5", size = 226021, upload-time = "2026-09-13T19:12:11.933Z" },
    { url = "https://files.pythonhosted.org/packages/35/8f/12d46948704d9e437c8dca2718e5d54ecc2f85396b64b500c29d8dbe10db/coverage-7.16.1-cp315-cp315t-win_amd64.whl", hash = "sha256:46a88f51770df7c9bc376bd57d3f86cdc7624b8e16ac4b585a655c22b7a1b4db", size = 226853, upload-time = "2026-09-13T19:12:14.254Z" },
    { url = "https://files.pythonhosted.org/packages/a5/7f/1ca5fd0601054fce5a3539375b997e67683646e2bf62f60c41e70b529fcc/coverage-7.16.1-cp315-cp315t-win_arm64.whl", hash = "sha256:7580432cbe1e8b762660ae5806f04f869e1c02e519836a43f8094437e561e9f0", size = 226163, upload-time = "2026-09-13T19:12:16.589Z" },
    { url = "https://files.pythonhosted.org/packages/96/1a/d6d16babd0a5fe4c3fae40702158c570351694e74516d8d81b86c5637448/coverage-7.16.1-py3-none-any.whl", hash = "sha256:3d8bd4e58b6a5c2018d808f297905393c6c61da466a48c3f0596a76a4900ebe4", size = 215264, upload-time = "2026-09-13T19:12:18.895Z" },
]

[[package]]
name = "iniconfig"
version = "2.3.0"
source = { registry = "https://pypi.org/simple" }
sdist = { url = "https://files.pythonhosted.org/packages/72/34/14ca021ce8e5dfedc35312d08ba8bf51fdd999c576889fc2c24cb97f4f10/iniconfig-2.3.0.tar.gz", hash = "sha256:c76315c77db068650d49c5b56314774a7804df16fee4402c1f19d6d15d8c4730", size = 20503, upload-time = "2025-10-18T21:55:43.219Z" }
wheels = [
    { url = "https://files.pythonhosted.org/packages/cb/b1/3846dd7f199d53cb17f49cba7e651e9ce294d8497c8c150530ed11865bb8/iniconfig-2.3.0-py3-none-any.whl", hash = "sha256:f631c04d2c48c52b84d0d0549c99ff3859c98df65b3101406327ecc7d53fbf12", size = 7484, upload-time = "2025-10-18T21:55:41.639Z" },
]

[[package]]
name = "my-project"
version = "0.1.0"
source = { editable = "." }
dependencies = [
    { name = "coverage" },
    { name = "numpy" },
    { name = "pytest" },
]

[package.metadata]
requires-dist = [
    { name = "coverage", specifier = ">=7.16.1" },
    { name = "numpy", specifier = ">=2.5.2" },
    { name = "pytest", specifier = ">=9.1.1" },
]

[[package]]
name = "numpy"
version = "2.5.2"
source = { registry = "https://pypi.org/simple" }
sdist = { url = "https://files.pythonhosted.org/packages/9a/80/db0b4559e57ec36362bedbb05530a87fafbcb6067708c946967a41d449e7/numpy-2.5.2.tar.gz", hash = "sha256:d482d171c406ae88c5b19cad3b6a1c4c5209f886ab74bc44c2c865c23f52d860", size = 20773161, upload-time = "2026-08-09T13:48:27.962Z" }
wheels = [
    { url = "https://files.pythonhosted.org/packages/f5/d2/6b24738a0ef4557d189b150046cd07823c50e4273e8aebd651222e24306f/numpy-2.5.2-cp313-cp313-macosx_10_13_x86_64.whl", hash = "sha256:8e4cb9a754c8a0c62eaa88273a5fba3391f4a610d1dee893c0755da31c083f15", size = 16886595, upload-time = "2026-08-09T13:45:27.323Z" },
    { url = "https://files.pythonhosted.org/packages/65/60/f2d208d366f263f39c6e69ed309290717aab41078b6d04c9be2a84fa2a07/numpy-2.5.2-cp313-cp313-macosx_11_0_arm64.whl", hash = "sha256:52c808f96484f5571a5cc863775ce50247c17dfb3b0361f8ed6b4b0456f80080", size = 11896845, upload-time = "2026-08-09T13:45:31.638Z" },
    { url = "https://files.pythonhosted.org/packages/3c/79/81e0bf24f4d020a2b1d5cd297a9f60c3f24eeb116f9bba5870443f7b6a4a/numpy-2.5.2-cp313-cp313-macosx_14_0_arm64.whl", hash = "sha256:29d81e97f668489cba8ebfd796b9bdd453525d35dd9e162e2daec94bf3fc7740", size = 5343880, upload-time = "2026-08-09T13:45:34.373Z" },
    { url = "https://files.pythonhosted.org/packages/ba/cc/e3141cf06d1a8a2c7e107543fe1269c1d1af760d4d683c0794a4ee1127c2/numpy-2.5.2-cp313-cp313-macosx_14_0_x86_64.whl", hash = "sha256:afb3f0632d6b2e3ba04dbce8d1e48d321b369138b73830b5ca371a0e8d479d56", size = 6682264, upload-time = "2026-08-09T13:45:36.7Z" },
    { url = "https://files.pythonhosted.org/packages/29/f1/2a64a307d92c5d98f5255a4014eb43bb6103ee477087b61ecae44a3aa9b9/numpy-2.5.2-cp313-cp313-manylinux_2_27_aarch64.manylinux_2_28_aarch64.whl", hash = "sha256:0aadf13b60048d501e05fa699efaf7734e2494f3498a4c2a5521d822640324f3", size = 15609566, upload-time = "2026-08-09T13:45:39.518Z" },
    { url = "https://files.pythonhosted.org/packages/7b/44/59a1eb68e773c4098d107ef34a0dbdeca501d72ffcfbff9a7707343921ce/numpy-2.5.2-cp313-cp313-manylinux_2_27_x86_64.manylinux_2_28_x86_64.whl", hash = "sha256:29b86ff8a6cc556b47ec6b64b194815cc80e6bf5eedcc6cddfd65318cb0b4eee", size = 16709995, upload-time = "2026-08-09T13:45:43.661Z" },
    { url = "https://files.pythonhosted.org/packages/8a/4c/3e54d4ddbc359a1295f8b633e8106bcd4d7d4a206e82df051bdfb3058755/numpy-2.5.2-cp313-cp313-musllinux_1_2_aarch64.whl", hash = "sha256:6950c4b7dd562453090548ba7f5da7e59f57f85663f15d5dcc60e249192f7e59", size = 16972511, upload-time = "2026-08-09T13:45:47.094Z" },
    { url = "https://files.pythonhosted.org/packages/f2/9f/02e371638ebf19b66d46231e4be52999e87f32d1961b113bc45656608b22/numpy-2.5.2-cp313-cp313-musllinux_1_2_x86_64.whl", hash = "sha256:b9727f472d2f3888053b8a75ab0cb94745a9de224bb5846dbadc0092101bc71d", size = 18465609, upload-time = "2026-08-09T13:45:50.808Z" },
    { url = "https://files.pythonhosted.org/packages/eb/ae/ad6645abc7a3510fe48e8ea1ab4598166f500057ef4ebf38bfad4f1577de/numpy-2.5.2-cp313-cp313-win32.whl", hash = "sha256:4f9744f9fbdcea0bc552e8f19e1f141f811a3f9bc2be2cc6e86d982cab23e3f4", size = 6070204, upload-time = "2026-08-09T13:45:54.111Z" },
    { url = "https://files.pythonhosted.org/packages/15/20/f3489f86d81ea460b2bcdceaed094142ca6579f6be0ec527b781d39afe68/numpy-2.5.2-cp313-cp313-win_amd64.whl", hash = "sha256:85aaccb24182c25df891ad0ec333585967e115269d5f1b17f2c9ae005bc96657", size = 12460532, upload-time = "2026-08-09T13:45:57.167Z" },
    { url = "https://files.pythonhosted.org/packages/d5/21/35b31dde1b283b79de828b80f876afd8c94e28fe1e9c375f89e261cc4c0d/numpy-2.5.2-cp313-cp313-win_arm64.whl", hash = "sha256:bd68ece1553d2023c09a4226d9e41c586ad2d20594d1a456186c33513d2cb3f2", size = 10396725, upload-time = "2026-08-09T13:46:00.478Z" },
    { url = "https://files.pythonhosted.org/packages/ac/f8/c3b222bf075b50afd8e949a07a15c4b312a4a84bd8102a332bcd953cbbb4/numpy-2.5.2-cp314-cp314-macosx_10_15_x86_64.whl", hash = "sha256:d787cf769c3baeb5f6235e778edb52c08dfa923789b5958f28e6450f96107cb1", size = 16885180, upload-time = "2026-08-09T13:46:03.939Z" },
    { url = "https://files.pythonhosted.org/packages/17/e1/2c1d4b1987795a92b5bbf7c24fe249ab96aa2573ab0d7604802c189d7b86/numpy-2.5.2-cp314-cp314-macosx_11_0_arm64.whl", hash = "sha256:24b9dc2e3d84aa58523798805194e23e736f3f6ce2d1a5b92583ae734e6dbda8", size = 11907878, upload-time = "2026-08-09T13:46:07.045Z" },
    { url = "https://files.pythonhosted.org/packages/b9/ee/d08226fc858044355983a6e5b94f08ff6f3969e0a2b160a4a89f0ddb3445/numpy-2.5.2-cp314-cp314-macosx_14_0_arm64.whl", hash = "sha256:9e9413326d726c2545bfa65d2c0876871e8d8386e77f992c1d426e180bbd4323", size = 5354922, upload-time = "2026-08-09T13:46:10.04Z" },
    { url = "https://files.pythonhosted.org/packages/94/f0/6d3d933056440ebbc5e6bad92065fc6c26a48a84a36b1208580e94eea76c/numpy-2.5.2-cp314-cp314-macosx_14_0_x86_64.whl", hash = "sha256:60e902ac295855348a5ca2ea4c89108989a9f5fddfad3dfc0a8f36b10358567e", size = 6679168, upload-time = "2026-08-09T13:46:12.275Z" },
    { url = "https://files.pythonhosted.org/packages/c4/3b/ecd49dd90033cceb2704d88ca905d4d7d89b0e8c739608754ffd325fa820/numpy-2.5.2-cp314-cp314-manylinux_2_27_aarch64.manylinux_2_28_aarch64.whl", hash = "sha256:50e500dc868e9313530ce12ba470fe50ff3afe3d62993ed6eff652dacd555b65", size = 15624501, upload-time = "2026-08-09T13:46:15.322Z" },
    { url = "https://files.pythonhosted.org/packages/c7/99/461bd36dbdfac6c1c53efa370bd55a83227542d0d118f1677dbf1a3dacd5/numpy-2.5.2-cp314-cp314-manylinux_2_27_x86_64.manylinux_2_28_x86_64.whl", hash = "sha256:318b9a4c845dbea06708a29c84ee429cc3065048db34cdb799047643492050ee", size = 16713701, upload-time = "2026-08-09T13:46:18.949Z" },
    { url = "https://files.pythonhosted.org/packages/f9/9c/2b251df9e8a5d647b62b0cbc1b90a91850c1cf4859ecb532fd0b4eacff6c/numpy-2.5.2-cp314-cp314-musllinux_1_2_aarch64.whl", hash = "sha256:34c319e2963be042673fb46570501b2f06c41924e17e3563d58646b4380dfb68", size = 16986065, upload-time = "2026-08-09T13:46:23.006Z" },
    { url = "https://files.pythonhosted.org/packages/8f/25/20de43f53ff1390534a124475055a19f01fe10c920a0fd11b8e18d6d6052/numpy-2.5.2-cp314-cp314-musllinux_1_2_x86_64.whl", hash = "sha256:f06571a052127dc1b4e8b83029b4d1b20daa2b64a31cdd181fc6bc774e9000eb", size = 18470031, upload-time = "2026-08-09T13:46:27.102Z" },
    { url = "https://files.pythonhosted.org/packages/56/5e/0c577ca308d6da5eb79b546ba10bbe5b60148192194e2da060913b1de4f1/numpy-2.5.2-cp314-cp314-win32.whl", hash = "sha256:2cc779226e476d1e1f08c74068c419e60f41a9e0e069c92f6671d31d5c985e98", size = 6121028, upload-time = "2026-08-09T13:46:30.046Z" },
    { url = "https://files.pythonhosted.org/packages/15/5c/7bcbd5b11f94199073320410cddcbb80cee62415bfeb540874b265c2d922/numpy-2.5.2-cp314-cp314-win_amd64.whl", hash = "sha256:7587f53dfbd5edc0f7b87c6217b4c6d2d1f2ef9c3da70bc1315e7db5f8d7ec9d", size = 12597627, upload-time = "2026-08-09T13:46:32.886Z" },
    { url = "https://files.pythonhosted.org/packages/87/bc/4d0b06fba0da90ccc75af62823cb9dcedb6c9ea0cffa058cb2c9ee773a77/numpy-2.5.2-cp314-cp314-win_arm64.whl", hash = "sha256:3e4c367352d3747784248a227fbec218e193b56f7e6692e3b64fc805478ecfdf", size = 10680414, upload-time = "2026-08-09T13:46:36.036Z" },
    { url = "https://files.pythonhosted.org/packages/cd/17/f429aac9dc08833a0d0f188eba38c532a751b1a1f2ca6018a37b455cb321/numpy-2.5.2-cp314-cp314t-macosx_11_0_arm64.whl", hash = "sha256:b879fb674276e331513fb136b78dbc6bd3c848309e0d841cfd63be3896c4cfc1", size = 12026967, upload-time = "2026-08-09T13:46:39.084Z" },
    { url = "https://files.pythonhosted.org/packages/ca/9f/d0849de96a2a4ceaa16662f18ee13eaa9c0aa418269fdc8c4857c56b11da/numpy-2.5.2-cp314-cp314t-macosx_14_0_arm64.whl", hash = "sha256:fd0d703772bba096843785bd38371e31bb4a0c1151497ad5739d182114a73f7f", size = 5473874, upload-time = "2026-08-09T13:46:42.075Z" },
    { url = "https://files.pythonhosted.org/packages/89/3c/8df216d4a4a5422a3de045301cf7df8ea47286d76f5cb7160b0128ac26b7/numpy-2.5.2-cp314-cp314t-macosx_14_0_x86_64.whl", hash = "sha256:3a2f061cebd9e3d23bdcfaaded5e2293a4c6a5b60fa42df85d410a725ce621bf", size = 6789276, upload-time = "2026-08-09T13:46:44.387Z" },
    { url = "https://files.pythonhosted.org/packages/e6/3a/20d7e9891c4ddfadd6ff8d95bf4b29f353d8e1770553de2099880551dfb9/numpy-2.5.2-cp314-cp314t-manylinux_2_27_aarch64.manylinux_2_28_aarch64.whl", hash = "sha256:6df895598c0edcb41030126c89e0f353b07d93238116143b7405e937359736c4", size = 15659154, upload-time = "2026-08-09T13:46:47.538Z" },
    { url = "https://files.pythonhosted.org/packages/aa/d6/f3aa3d2688bf501b858835c6bd087ae9b51a56ae6fca8e2b0990abd177af/numpy-2.5.2-cp314-cp314t-manylinux_2_27_x86_64.manylinux_2_28_x86_64.whl", hash = "sha256:1ab3d4a901f844ea836c3e80bf463c6a27d7f3c14e8e292fcf28d348b25b9bce", size = 16748909, upload-time = "2026-08-09T13:46:51.442Z" },
    { url = "https://files.pythonhosted.org/packages/7d/8f/1c5cae8d2baf86ab802ae97a00be55bc7e21ebc11b12bbc33376c5f05342/numpy-2.5.2-cp314-cp314t-musllinux_1_2_aarch64.whl", hash = "sha256:cebc2d6dbb605a7703d59751dea4bd6b0ab127a5a4338a6f432df1936fef8b26", size = 17027685, upload-time = "2026-08-09T13:46:55.095Z" },
    { url = "https://files.pythonhosted.org/packages/5c/27/71d3467404aedc1c24ce79610f91b52b0b0f466c43a701aa56fc75c145ab/numpy-2.5.2-cp314-cp314t-musllinux_1_2_x86_64.whl", hash = "sha256:eaca7ff36f0f52e2111ec71f169d8fd3e889e7ddc0d2592e0d703fd8d3ce8fac", size = 18501181, upload-time = "2026-08-09T13:46:59.09Z" },
    { url = "https://files.pythonhosted.org/packages/14/2f/42921d27c40aea7e077f4a423ae509fd9220b028cd787bafefd8ab2b3a5f/numpy-2.5.2-cp314-cp314t-win32.whl", hash = "sha256:ddf47472af2e4280d79bac82304f5e80150211f1b9e614b760061d5fdfbb6eba", size = 6271085, upload-time = "2026-08-09T13:47:01.903Z" },
    { url = "https://files.pythonhosted.org/packages/75/e6/bad5f5d56de9b1971bac959963dda276d35c40f1854475005434bbe08692/numpy-2.5.2-cp314-cp314t-win_amd64.whl", hash = "sha256:44ef9675d908e65f9953063837c3277730f3f4437615a4cdab67b366cabaf884", size = 12787971, upload-time = "2026-08-09T13:47:04.963Z" },
    { url = "https://files.pythonhosted.org/packages/df/05/f608795cb34391acd67e38d94a3c36abd8d8576293a3a80727d7595c372c/numpy-2.5.2-cp314-cp314t-win_arm64.whl", hash = "sha256:eaa088384c46f519dacb93b7ec483a6d6b19a4a2085ae4f25ab9b1c43d387d1e", size = 10750306, upload-time = "2026-08-09T13:47:07.976Z" },
    { url = "https://files.pythonhosted.org/packages/33/c6/28de0191c5f82b7d42a0a51390ba98587048aa93a39fafb05bdbe6e8d00c/numpy-2.5.2-cp315-cp315-macosx_10_15_x86_64.whl", hash = "sha256:078f9b027b478c9379b9677babbf0f8b8f1ecfada27636d7b9a93990c638739f", size = 16885274, upload-time = "2026-08-09T13:47:11.439Z" },
    { url = "https://files.pythonhosted.org/packages/dd/d1/973ca116000d244897e468ea1aff30b589e5022e3c8744b71706fe33bd57/numpy-2.5.2-cp315-cp315-macosx_11_0_arm64.whl", hash = "sha256:50a68f4bacd8a2b33d8da3d2269d0d78500f86ea582e4786dc10f5ef2c2c6842", size = 11907846, upload-time = "2026-08-09T13:47:15.128Z" },
    { url = "https://files.pythonhosted.org/packages/78/d9/8c4b3937ef204cb2fd88d389ccd0f265a2ffb11f35a01d2064cf46714bd6/numpy-2.5.2-cp315-cp315-macosx_14_0_arm64.whl", hash = "sha256:e79aba74ffaf5f78a050d777c184cddf8fdffabab38acf5f3ef1fecbc17895d6", size = 5354892, upload-time = "2026-08-09T13:47:18.07Z" },
    { url = "https://files.pythonhosted.org/packages/74/9b/b6ee65ea2999fdb7023935e108e6fb776ee4082aa15f159acfa857e578c8/numpy-2.5.2-cp315-cp315-macosx_14_0_x86_64.whl", hash = "sha256:9a0731745a72a184490a582fb4af2533512bd071ace67785b5fdffc0ae58dce8", size = 6679309, upload-time = "2026-08-09T13:47:20.456Z" },
    { url = "https://files.pythonhosted.org/packages/43/f3/acb18d8b137a393c8e7803a8c994c9e64bde3930692a69d826993113a159/numpy-2.5.2-cp315-cp315-manylinux_2_27_aarch64.manylinux_2_28_aarch64.whl", hash = "sha256:4ec954036759bcee3aa484f8603bd9c14f3e776293b85578b8734c2d72777c69", size = 15625850, upload-time = "2026-08-09T13:47:24.365Z" },
    { url = "https://files.pythonhosted.org/packages/a9/bf/a8e9bb0db815a0e265b5744ebedd3af0bd5faad8604e5b50a1cd012f3c91/numpy-2.5.2-cp315-cp315-manylinux_2_27_x86_64.manylinux_2_28_x86_64.whl", hash = "sha256:dc649493697006bc90614a5f0bbc8cb3cb1866715c474e473694968d7e6b99ab", size = 16713664, upload-time = "2026-08-09T13:47:27.965Z" },
    { url = "https://files.pythonhosted.org/packages/0c/c3/6e913736b3dd6582344af32418b5fb9dab34282e8a8174ae1d54ceb0fc13/numpy-2.5.2-cp315-cp315-musllinux_1_2_aarch64.whl", hash = "sha256:cf7de32f486e4ac9e2d93b810f9e9ac72a728dd46a32a0bb403222f27f653514", size = 16986749, upload-time = "2026-08-09T13:47:31.541Z" },
    { url = "https://files.pythonhosted.org/packages/80/09/7d3b23eff5c7428ef6c01e6f7052bb60d504c4d33e317b36b8959c24ad97/numpy-2.5.2-cp315-cp315-musllinux_1_2_x86_64.whl", hash = "sha256:2ffa7bacab3e2ee1b19ed31766bb60bb380b68c23f051e199c5cc598afd68710", size = 18470495, upload-time = "2026-08-09T13:47:35.364Z" },
    { url = "https://files.pythonhosted.org/packages/a5/a4/68a321d825374f6eb677ffe8ef8c6b9a328304e6fd2e39d9530822776607/numpy-2.5.2-cp315-cp315-win32.whl", hash = "sha256:6b588cc8f902d6bff201c19fd00c43ab8545671e3554d014e12e14139e5e8617", size = 6120696, upload-time = "2026-08-09T13:47:38.561Z" },
    { url = "https://files.pythonhosted.org/packages/c8/23/deafbb1700f79fae9cd1e91220f133d124cc267de1b584da3fbf6db2f6cd/numpy-2.5.2-cp315-cp315-win_amd64.whl", hash = "sha256:07d4e89f3a9ab0a9ba24264ccdb642b3dd951b2281e8883a5481a4aa79cc31a7", size = 12597324, upload-time = "2026-08-09T13:47:41.401Z" },
    { url = "https://files.pythonhosted.org/packages/33/cd/3272ba105e3bbbdaeb11357eda31e7a6825ffe159e8171665660299a948f/numpy-2.5.2-cp315-cp315-win_arm64.whl", hash = "sha256:a610dc7e3c52edd39c2bc2375ff9c3fd59cb3ad00e4472d36f83bc1457145788", size = 10680466, upload-time = "2026-08-09T13:47:44.873Z" },
    { url = "https://files.pythonhosted.org/packages/0e/0e/58370637b1bb70a5c9ce2b43f4b521ccb224e36ccb76a6596b17ae4b447c/numpy-2.5.2-cp315-cp315t-macosx_10_15_x86_64.whl", hash = "sha256:40f4d451aed46a8046a1aae41c4e55fb3612273df9c502480135e1501576a34b", size = 16993947, upload-time = "2026-08-09T13:47:48.97Z" },
    { url = "https://files.pythonhosted.org/packages/10/93/2abcb807712b289d6d60fe4cf30532f98974a8396d885650f3ba5a13026e/numpy-2.5.2-cp315-cp315t-macosx_11_0_arm64.whl", hash = "sha256:c081cbe16ba1ab53078e5ff29013621e33c509eedab055775d956427712c236e", size = 12025331, upload-time = "2026-08-09T13:47:52.646Z" },
    { url = "https://files.pythonhosted.org/packages/8b/3a/2898e003a5fbaf87e76c039b4ee1f5eb390471b4ffe74887c1f34c4e791e/numpy-2.5.2-cp315-cp315t-macosx_14_0_arm64.whl", hash = "sha256:0090ccdd57ec2703e9b49d0bf554767370581c1dd0a6b2bb2b2d9def317d042a", size = 5472336, upload-time = "2026-08-09T13:47:55.403Z" },
    { url = "https://files.pythonhosted.org/packages/61/a5/23f69d07c544597b29758b31b55c27dc9d541012a2c1496189fef702aec2/numpy-2.5.2-cp315-cp315t-macosx_14_0_x86_64.whl", hash = "sha256:6a9bb119fb8dd21ba30b3f0e555b7e2b081bd9883af21ec9c1c633d161cda3a8", size = 6788387, upload-time = "2026-08-09T13:47:58.192Z" },
    { url = "https://files.pythonhosted.org/packages/15/ea/c0dbdbcf22f43782510a3e492dd3da73c6112b69cac8929d16d127536fc4/numpy-2.5.2-cp315-cp315t-manylinux_2_27_aarch64.manylinux_2_28_aarch64.whl", hash = "sha256:a839318485284a6fb31be4f8f2c91c8f2cb22f4543c4a8903f12b0671ffe07cc", size = 15667096, upload-time = "2026-08-09T13:48:01.562Z" },
    { url = "https://files.pythonhosted.org/packages/fc/5e/29c73c31748cdb0f7566642125ba17fd5b56780cddf891b085dab27e4466/numpy-2.5.2-cp315-cp315t-manylinux_2_27_x86_64.manylinux_2_28_x86_64.whl", hash = "sha256:ba0a474801b8dc67b66bf465548abc90e82b44d2611b5770f33008dcabffe8ec", size = 16751730, upload-time = "2026-08-09T13:48:05.706Z" },
    { url = "https://files.pythonhosted.org/packages/47/95/02501e8454796bb58dadf7a99d3181e0b464bf264e1003039572f9779fac/numpy-2.5.2-cp315-cp315t-musllinux_1_2_aarch64.whl", hash = "sha256:0a4035ae1129ff8777f08bfbd44f1e5d8e9c049ce0c2dd78fc0d92c13e7251c0", size = 17038686, upload-time = "2026-08-09T13:48:09.627Z" },
    { url = "https://files.pythonhosted.org/packages/0e/b5/53a681d91b5c82687067d8ea5035e02d917b5509d6f334cb06484a954714/numpy-2.5.2-cp315-cp315t-musllinux_1_2_x86_64.whl", hash = "sha256:77843ca236b777e67f8d6b3660ea116e499612703a0ecd7093f316201eb9d8e2", size = 18507727, upload-time = "2026-08-09T13:48:13.744Z" },
    { url = "https://files.pythonhosted.org/packages/42/06/6e11443f7b64ee376c860506091103bf68f92d2cab9e8d96d4501babf07c/numpy-2.5.2-cp315-cp315t-win32.whl", hash = "sha256:7354826bc6f8f69402e9b7fe28d15fcd34feebd74f856f111585c5b0c9fb0251", size = 6269775, upload-time = "2026-08-09T13:48:17.543Z" },
    { url = "https://files.pythonhosted.org/packages/f1/18/195d6b86cd72dbbc501edfa778005fa6b87afd34c153e46028cd3a0938f4/numpy-2.5.2-cp315-cp315t-win_amd64.whl", hash = "sha256:e5651f3f87add730ee6608d915009e19c911fba0cb000c7e3ea994b7d768eb12", size = 12782559, upload-time = "2026-08-09T13:48:21.023Z" },
    { url = "https://files.pythonhosted.org/packages/b4/07/458c344f0f0c178f4481dad5cca790626ffe4c34eabf9467069d06ee4999/numpy-2.5.2-cp315-cp315t-win_arm64.whl", hash = "sha256:5f8e00be2ec6f45f4e8a41a527f68d44a7d96fee92a650e4d8b1326f77f61e6e", size = 10748103, upload-time = "2026-08-09T13:48:24.21Z" },
]

[[package]]
name = "packaging"
version = "26.3"
source = { registry = "https://pypi.org/simple" }
sdist = { url = "https://files.pythonhosted.org/packages/7d/fa/3944b40b07da9ce895c0e6303a5ab7d53da063554f534556b134a54d6093/packaging-26.3.tar.gz", hash = "sha256:94edc256424af38762eb31306eed28beb9f0efc50a8837492c9d6fd6004aed79", size = 313412, upload-time = "2026-08-04T18:15:28.737Z" }
wheels = [
    { url = "https://files.pythonhosted.org/packages/63/34/ba1c580383c9eada3711951fef0795c80b829a078d72188184bcab9dd527/packaging-26.3-py3-none-any.whl", hash = "sha256:d7193f7c8e4e93f444fde0262bf90af30e16fa0ad0ad44cb553c87339b23cd1c", size = 129956, upload-time = "2026-08-04T18:15:27.159Z" },
]

[[package]]
name = "pluggy"
version = "1.6.0"
source = { registry = "https://pypi.org/simple" }
sdist = { url = "https://files.pythonhosted.org/packages/f9/e2/3e91f31a7d2b083fe6ef3fa267035b518369d9511ffab804f839851d2779/pluggy-1.6.0.tar.gz", hash = "sha256:7dcc130b76258d33b90f61b658791dede3486c3e6bfb003ee5c9bfb396dd22f3", size = 69412, upload-time = "2025-05-15T12:30:07.975Z" }
wheels = [
    { url = "https://files.pythonhosted.org/packages/54/20/4d324d65cc6d9205fabedc306948156824eb9f0ee1633355a8f7ec5c66bf/pluggy-1.6.0-py3-none-any.whl", hash = "sha256:e920276dd6813095e9377c0bc5566d94c932c33b27a3e3945d8389c374dd4746", size = 20538, upload-time = "2025-05-15T12:30:06.134Z" },
]

[[package]]
name = "pygments"
version = "2.21.0"
source = { registry = "https://pypi.org/simple" }
sdist = { url = "https://files.pythonhosted.org/packages/49/2e/ced460408999b33da6b31b0021b0f37d329e202d4169aeb164493778f25b/pygments-2.21.0.tar.gz", hash = "sha256:610ca751c9bc2492b38eb9a38a7fbc93edbbb2d7182edaf34e66ae493dee5c8c", size = 5005329, upload-time = "2026-08-17T08:02:48.824Z" }
wheels = [
    { url = "https://files.pythonhosted.org/packages/71/46/17f022dd3e953bf20a04a028a21ec746d942f8d2af30fa0f124fa0e6a684/pygments-2.21.0-py3-none-any.whl", hash = "sha256:2363c69b61c4a97c838da3b130dcd6468f4848992b21a82f2a63ec34377137d9", size = 1250147, upload-time = "2026-08-17T08:02:44.912Z" },
]

[[package]]
name = "pytest"
version = "9.1.1"
source = { registry = "https://pypi.org/simple" }
dependencies = [
    { name = "colorama", marker = "sys_platform == 'win32'" },
    { name = "iniconfig" },
    { name = "packaging" },
    { name = "pluggy" },
    { name = "pygments" },
]
sdist = { url = "https://files.pythonhosted.org/packages/e4/47/b9efed96c114afcfa3c9d3fe98a76a1d14c74a9e266d397cf6eb64be5e01/pytest-9.1.1.tar.gz", hash = "sha256:1088fbde8f2b49d95a549a195707afa7a76a3ce9bcadc26b6d71f0ffda5fe313", size = 1636369, upload-time = "2026-06-19T10:58:32.857Z" }
wheels = [
    { url = "https://files.pythonhosted.org/packages/24/25/1de2678b631f5a49215c6c96fff41ba892b0a34df68d6d80292b1b48aa7f/pytest-9.1.1-py3-none-any.whl", hash = "sha256:37a86b45efb9a47a61a36449063e8e18d0cab3161329fc099eb21783169c4f0c", size = 386536, upload-time = "2026-06-19T10:58:31.347Z" },
]
